// !$*UTF8*$!
{
	archiveVersion = 1;
	classes = {
	};
	objectVersion = 56;
	objects = {

/* Begin PBXBuildFile section */
		9534248C28F69CFE008E7DCE /* InfoCryptoViewController.swift in Sources */ = {isa = PBXBuildFile; fileRef = 9534248B28F69CFE008E7DCE /* InfoCryptoViewController.swift */; };
		9534248E28F81878008E7DCE /* SplashScreen.swift in Sources */ = {isa = PBXBuildFile; fileRef = 9534248D28F81878008E7DCE /* SplashScreen.swift */; };
		9534249328F89E86008E7DCE /* ConvertModel.swift in Sources */ = {isa = PBXBuildFile; fileRef = 9534249228F89E86008E7DCE /* ConvertModel.swift */; };
		95CA282A28F59B440066ADD7 /* CustomTableViewCell.swift in Sources */ = {isa = PBXBuildFile; fileRef = 95CA282928F59B440066ADD7 /* CustomTableViewCell.swift */; };
		95CBB07328F2CAF300E58B34 /* AppDelegate.swift in Sources */ = {isa = PBXBuildFile; fileRef = 95CBB07228F2CAF300E58B34 /* AppDelegate.swift */; };
		95CBB07528F2CAF300E58B34 /* SceneDelegate.swift in Sources */ = {isa = PBXBuildFile; fileRef = 95CBB07428F2CAF300E58B34 /* SceneDelegate.swift */; };
		95CBB07728F2CAF300E58B34 /* ViewController.swift in Sources */ = {isa = PBXBuildFile; fileRef = 95CBB07628F2CAF300E58B34 /* ViewController.swift */; };
		95CBB07C28F2CAF400E58B34 /* Assets.xcassets in Resources */ = {isa = PBXBuildFile; fileRef = 95CBB07B28F2CAF400E58B34 /* Assets.xcassets */; };
		95CBB07F28F2CAF400E58B34 /* LaunchScreen.storyboard in Resources */ = {isa = PBXBuildFile; fileRef = 95CBB07D28F2CAF400E58B34 /* LaunchScreen.storyboard */; };
		95CBB09028F2D58C00E58B34 /* Model.swift in Sources */ = {isa = PBXBuildFile; fileRef = 95CBB08F28F2D58C00E58B34 /* Model.swift */; };
		95CBB09328F2EF1E00E58B34 /* NetworkManager.swift in Sources */ = {isa = PBXBuildFile; fileRef = 95CBB09228F2EF1E00E58B34 /* NetworkManager.swift */; };
		DDC9D642F2CCB85BFF5E5625 /* Pods_Crypto.framework in Frameworks */ = {isa = PBXBuildFile; fileRef = 4DB559470E9FD672E0842317 /* Pods_Crypto.framework */; };
/* End PBXBuildFile section */

/* Begin PBXFileReference section */
		4DB559470E9FD672E0842317 /* Pods_Crypto.framework */ = {isa = PBXFileReference; explicitFileType = wrapper.framework; includeInIndex = 0; path = Pods_Crypto.framework; sourceTree = BUILT_PRODUCTS_DIR; };
		4E600EE634FC7A21F3C0A16B /* Pods-Crypto.debug.xcconfig */ = {isa = PBXFileReference; includeInIndex = 1; lastKnownFileType = text.xcconfig; name = "Pods-Crypto.debug.xcconfig"; path = "Target Support Files/Pods-Crypto/Pods-Crypto.debug.xcconfig"; sourceTree = "<group>"; };
		9534248B28F69CFE008E7DCE /* InfoCryptoViewController.swift */ = {isa = PBXFileReference; lastKnownFileType = sourcecode.swift; path = InfoCryptoViewController.swift; sourceTree = "<group>"; };
		9534248D28F81878008E7DCE /* SplashScreen.swift */ = {isa = PBXFileReference; lastKnownFileType = sourcecode.swift; path = SplashScreen.swift; sourceTree = "<group>"; };
		9534249228F89E86008E7DCE /* ConvertModel.swift */ = {isa = PBXFileReference; lastKnownFileType = sourcecode.swift; path = ConvertModel.swift; sourceTree = "<group>"; };
		95CA282928F59B440066ADD7 /* CustomTableViewCell.swift */ = {isa = PBXFileReference; lastKnownFileType = sourcecode.swift; path = CustomTableViewCell.swift; sourceTree = "<group>"; };
		95CBB06F28F2CAF300E58B34 /* Crypto.app */ = {isa = PBXFileReference; explicitFileType = wrapper.application; includeInIndex = 0; path = Crypto.app; sourceTree = BUILT_PRODUCTS_DIR; };
		95CBB07228F2CAF300E58B34 /* AppDelegate.swift */ = {isa = PBXFileReference; lastKnownFileType = sourcecode.swift; path = AppDelegate.swift; sourceTree = "<group>"; };
		95CBB07428F2CAF300E58B34 /* SceneDelegate.swift */ = {isa = PBXFileReference; lastKnownFileType = sourcecode.swift; path = SceneDelegate.swift; sourceTree = "<group>"; };
		95CBB07628F2CAF300E58B34 /* ViewController.swift */ = {isa = PBXFileReference; lastKnownFileType = sourcecode.swift; path = ViewController.swift; sourceTree = "<group>"; };
		95CBB07B28F2CAF400E58B34 /* Assets.xcassets */ = {isa = PBXFileReference; lastKnownFileType = folder.assetcatalog; path = Assets.xcassets; sourceTree = "<group>"; };
		95CBB07E28F2CAF400E58B34 /* Base */ = {isa = PBXFileReference; lastKnownFileType = file.storyboard; name = Base; path = Base.lproj/LaunchScreen.storyboard; sourceTree = "<group>"; };
		95CBB08028F2CAF400E58B34 /* Info.plist */ = {isa = PBXFileReference; lastKnownFileType = text.plist.xml; path = Info.plist; sourceTree = "<group>"; };
		95CBB08F28F2D58C00E58B34 /* Model.swift */ = {isa = PBXFileReference; lastKnownFileType = sourcecode.swift; path = Model.swift; sourceTree = "<group>"; };
		95CBB09228F2EF1E00E58B34 /* NetworkManager.swift */ = {isa = PBXFileReference; lastKnownFileType = sourcecode.swift; path = NetworkManager.swift; sourceTree = "<group>"; };
		B883E80D55FA03EE1A33FD48 /* Pods-Crypto.release.xcconfig */ = {isa = PBXFileReference; includeInIndex = 1; lastKnownFileType = text.xcconfig; name = "Pods-Crypto.release.xcconfig"; path = "Target Support Files/Pods-Crypto/Pods-Crypto.release.xcconfig"; sourceTree = "<group>"; };
/* End PBXFileReference section */

/* Begin PBXFrameworksBuildPhase section */
		95CBB06C28F2CAF300E58B34 /* Frameworks */ = {
			isa = PBXFrameworksBuildPhase;
			buildActionMask = 2147483647;
			files = (
				DDC9D642F2CCB85BFF5E5625 /* Pods_Crypto.framework in Frameworks */,
			);
			runOnlyForDeploymentPostprocessing = 0;
		};
/* End PBXFrameworksBuildPhase section */

/* Begin PBXGroup section */
		228ECF59C56FD6918A4CEAA3 /* Frameworks */ = {
			isa = PBXGroup;
			children = (
				4DB559470E9FD672E0842317 /* Pods_Crypto.framework */,
			);
			name = Frameworks;
			sourceTree = "<group>";
		};
		3F9D1021E825D62EBB6FE70B /* Pods */ = {
			isa = PBXGroup;
			children = (
				4E600EE634FC7A21F3C0A16B /* Pods-Crypto.debug.xcconfig */,
				B883E80D55FA03EE1A33FD48 /* Pods-Crypto.release.xcconfig */,
			);
			path = Pods;
			sourceTree = "<group>";
		};
		9534249128F81ED2008E7DCE /* SplashScreen */ = {
			isa = PBXGroup;
			children = (
				9534248D28F81878008E7DCE /* SplashScreen.swift */,
			);
			path = SplashScreen;
			sourceTree = "<group>";
		};
		95CBB06628F2CAF200E58B34 = {
			isa = PBXGroup;
			children = (
				95CBB07128F2CAF300E58B34 /* Crypto */,
				95CBB07028F2CAF300E58B34 /* Products */,
				3F9D1021E825D62EBB6FE70B /* Pods */,
				228ECF59C56FD6918A4CEAA3 /* Frameworks */,
			);
			sourceTree = "<group>";
		};
		95CBB07028F2CAF300E58B34 /* Products */ = {
			isa = PBXGroup;
			children = (
				95CBB06F28F2CAF300E58B34 /* Crypto.app */,
			);
			name = Products;
			sourceTree = "<group>";
		};
		95CBB07128F2CAF300E58B34 /* Crypto */ = {
			isa = PBXGroup;
			children = (
				95CBB08E28F2D57F00E58B34 /* Model */,
				95CBB08B28F2D52A00E58B34 /* Views */,
				95CBB08D28F2D56400E58B34 /* Controllers */,
				95CBB09128F2EF0300E58B34 /* API */,
				9534249128F81ED2008E7DCE /* SplashScreen */,
				95CBB08A28F2D4C500E58B34 /* Resources */,
				95CBB08028F2CAF400E58B34 /* Info.plist */,
			);
			path = Crypto;
			sourceTree = "<group>";
		};
		95CBB08A28F2D4C500E58B34 /* Resources */ = {
			isa = PBXGroup;
			children = (
				95CBB07228F2CAF300E58B34 /* AppDelegate.swift */,
				95CBB07428F2CAF300E58B34 /* SceneDelegate.swift */,
			);
			path = Resources;
			sourceTree = "<group>";
		};
		95CBB08B28F2D52A00E58B34 /* Views */ = {
			isa = PBXGroup;
			children = (
				95CBB08C28F2D53200E58B34 /* Storyboards */,
				95CBB07B28F2CAF400E58B34 /* Assets.xcassets */,
			);
			path = Views;
			sourceTree = "<group>";
		};
		95CBB08C28F2D53200E58B34 /* Storyboards */ = {
			isa = PBXGroup;
			children = (
				95CBB07D28F2CAF400E58B34 /* LaunchScreen.storyboard */,
			);
			path = Storyboards;
			sourceTree = "<group>";
		};
		95CBB08D28F2D56400E58B34 /* Controllers */ = {
			isa = PBXGroup;
			children = (
				95CBB07628F2CAF300E58B34 /* ViewController.swift */,
				9534248B28F69CFE008E7DCE /* InfoCryptoViewController.swift */,
				95CA282928F59B440066ADD7 /* CustomTableViewCell.swift */,
			);
			path = Controllers;
			sourceTree = "<group>";
		};
		95CBB08E28F2D57F00E58B34 /* Model */ = {
			isa = PBXGroup;
			children = (
				95CBB08F28F2D58C00E58B34 /* Model.swift */,
				9534249228F89E86008E7DCE /* ConvertModel.swift */,
			);
			path = Model;
			sourceTree = "<group>";
		};
		95CBB09128F2EF0300E58B34 /* API */ = {
			isa = PBXGroup;
			children = (
				95CBB09228F2EF1E00E58B34 /* NetworkManager.swift */,
			);
			path = API;
			sourceTree = "<group>";
		};
/* End PBXGroup section */

/* Begin PBXNativeTarget section */
		95CBB06E28F2CAF300E58B34 /* Crypto */ = {
			isa = PBXNativeTarget;
			buildConfigurationList = 95CBB08328F2CAF400E58B34 /* Build configuration list for PBXNativeTarget "Crypto" */;
			buildPhases = (
				C7CDAAA8A5DDD14089A2008A /* [CP] Check Pods Manifest.lock */,
				95CBB06B28F2CAF300E58B34 /* Sources */,
				95CBB06C28F2CAF300E58B34 /* Frameworks */,
				95CBB06D28F2CAF300E58B34 /* Resources */,
				355F557892EC55E09CE1E32C /* [CP] Embed Pods Frameworks */,
			);
			buildRules = (
			);
			dependencies = (
			);
			name = Crypto;
			productName = Crypto;
			productReference = 95CBB06F28F2CAF300E58B34 /* Crypto.app */;
			productType = "com.apple.product-type.application";
		};
/* End PBXNativeTarget section */

/* Begin PBXProject section */
		95CBB06728F2CAF200E58B34 /* Project object */ = {
			isa = PBXProject;
			attributes = {
				BuildIndependentTargetsInParallel = 1;
				LastSwiftUpdateCheck = 1400;
				LastUpgradeCheck = 1400;
				TargetAttributes = {
					95CBB06E28F2CAF300E58B34 = {
						CreatedOnToolsVersion = 14.0.1;
					};
				};
			};
			buildConfigurationList = 95CBB06A28F2CAF200E58B34 /* Build configuration list for PBXProject "Crypto" */;
			compatibilityVersion = "Xcode 14.0";
			developmentRegion = en;
			hasScannedForEncodings = 0;
			knownRegions = (
				en,
				Base,
			);
			mainGroup = 95CBB06628F2CAF200E58B34;
			productRefGroup = 95CBB07028F2CAF300E58B34 /* Products */;
			projectDirPath = "";
			projectRoot = "";
			targets = (
				95CBB06E28F2CAF300E58B34 /* Crypto */,
			);
		};
/* End PBXProject section */

/* Begin PBXResourcesBuildPhase section */
		95CBB06D28F2CAF300E58B34 /* Resources */ = {
			isa = PBXResourcesBuildPhase;
			buildActionMask = 2147483647;
			files = (
				95CBB07F28F2CAF400E58B34 /* LaunchScreen.storyboard in Resources */,
				95CBB07C28F2CAF400E58B34 /* Assets.xcassets in Resources */,
			);
			runOnlyForDeploymentPostprocessing = 0;
		};
/* End PBXResourcesBuildPhase section */

/* Begin PBXShellScriptBuildPhase section */
		355F557892EC55E09CE1E32C /* [CP] Embed Pods Frameworks */ = {
			isa = PBXShellScriptBuildPhase;
			buildActionMask = 2147483647;
			files = (
			);
			inputFileListPaths = (
				"${PODS_ROOT}/Target Support Files/Pods-Crypto/Pods-Crypto-frameworks-${CONFIGURATION}-input-files.xcfilelist",
			);
			name = "[CP] Embed Pods Frameworks";
			outputFileListPaths = (
				"${PODS_ROOT}/Target Support Files/Pods-Crypto/Pods-Crypto-frameworks-${CONFIGURATION}-output-files.xcfilelist",
			);
			runOnlyForDeploymentPostprocessing = 0;
			shellPath = /bin/sh;
			shellScript = "\"${PODS_ROOT}/Target Support Files/Pods-Crypto/Pods-Crypto-frameworks.sh\"\n";
			showEnvVarsInLog = 0;
		};
		C7CDAAA8A5DDD14089A2008A /* [CP] Check Pods Manifest.lock */ = {
			isa = PBXShellScriptBuildPhase;
			buildActionMask = 2147483647;
			files = (
			);
			inputFileListPaths = (
			);
			inputPaths = (
				"${PODS_PODFILE_DIR_PATH}/Podfile.lock",
				"${PODS_ROOT}/Manifest.lock",
			);
			name = "[CP] Check Pods Manifest.lock";
			outputFileListPaths = (
			);
			outputPaths = (
				"$(DERIVED_FILE_DIR)/Pods-Crypto-checkManifestLockResult.txt",
			);
			runOnlyForDeploymentPostprocessing = 0;
			shellPath = /bin/sh;
			shellScript = "diff \"${PODS_PODFILE_DIR_PATH}/Podfile.lock\" \"${PODS_ROOT}/Manifest.lock\" > /dev/null\nif [ $? != 0 ] ; then\n    # print error to STDERR\n    echo \"error: The sandbox is not in sync with the Podfile.lock. Run 'pod install' or update your CocoaPods installation.\" >&2\n    exit 1\nfi\n# This output is used by Xcode 'outputs' to avoid re-running this script phase.\necho \"SUCCESS\" > \"${SCRIPT_OUTPUT_FILE_0}\"\n";
			showEnvVarsInLog = 0;
		};
/* End PBXShellScriptBuildPhase section */

/* Begin PBXSourcesBuildPhase section */
		95CBB06B28F2CAF300E58B34 /* Sources */ = {
			isa = PBXSourcesBuildPhase;
			buildActionMask = 2147483647;
			files = (
				9534248E28F81878008E7DCE /* SplashScreen.swift in Sources */,
				95CBB09328F2EF1E00E58B34 /* NetworkManager.swift in Sources */,
				95CBB09028F2D58C00E58B34 /* Model.swift in Sources */,
				95CBB07728F2CAF300E58B34 /* ViewController.swift in Sources */,
				9534249328F89E86008E7DCE /* ConvertModel.swift in Sources */,
				95CA282A28F59B440066ADD7 /* CustomTableViewCell.swift in Sources */,
				9534248C28F69CFE008E7DCE /* InfoCryptoViewController.swift in Sources */,
				95CBB07328F2CAF300E58B34 /* AppDelegate.swift in Sources */,
				95CBB07528F2CAF300E58B34 /* SceneDelegate.swift in Sources */,
			);
			runOnlyForDeploymentPostprocessing = 0;
		};
/* End PBXSourcesBuildPhase section */

/* Begin PBXVariantGroup section */
		95CBB07D28F2CAF400E58B34 /* LaunchScreen.storyboard */ = {
			isa = PBXVariantGroup;
			children = (
				95CBB07E28F2CAF400E58B34 /* Base */,
			);
			name = LaunchScreen.storyboard;
			sourceTree = "<group>";
		};
/* End PBXVariantGroup section */

/* Begin XCBuildConfiguration section */
		95CBB08128F2CAF400E58B34 /* Debug */ = {
			isa = XCBuildConfiguration;
			buildSettings = {
				ALWAYS_SEARCH_USER_PATHS = NO;
				CLANG_ANALYZER_NONNULL = YES;
				CLANG_ANALYZER_NUMBER_OBJECT_CONVERSION = YES_AGGRESSIVE;
				CLANG_CXX_LANGUAGE_STANDARD = "gnu++20";
				CLANG_ENABLE_MODULES = YES;
				CLANG_ENABLE_OBJC_ARC = YES;
				CLANG_ENABLE_OBJC_WEAK = YES;
				CLANG_WARN_BLOCK_CAPTURE_AUTORELEASING = YES;
				CLANG_WARN_BOOL_CONVERSION = YES;
				CLANG_WARN_COMMA = YES;
				CLANG_WARN_CONSTANT_CONVERSION = YES;
				CLANG_WARN_DEPRECATED_OBJC_IMPLEMENTATIONS = YES;
				CLANG_WARN_DIRECT_OBJC_ISA_USAGE = YES_ERROR;
				CLANG_WARN_DOCUMENTATION_COMMENTS = YES;
				CLANG_WARN_EMPTY_BODY = YES;
				CLANG_WARN_ENUM_CONVERSION = YES;
				CLANG_WARN_INFINITE_RECURSION = YES;
				CLANG_WARN_INT_CONVERSION = YES;
				CLANG_WARN_NON_LITERAL_NULL_CONVERSION = YES;
				CLANG_WARN_OBJC_IMPLICIT_RETAIN_SELF = YES;
				CLANG_WARN_OBJC_LITERAL_CONVERSION = YES;
				CLANG_WARN_OBJC_ROOT_CLASS = YES_ERROR;
				CLANG_WARN_QUOTED_INCLUDE_IN_FRAMEWORK_HEADER = YES;
				CLANG_WARN_RANGE_LOOP_ANALYSIS = YES;
				CLANG_WARN_STRICT_PROTOTYPES = YES;
				CLANG_WARN_SUSPICIOUS_MOVE = YES;
				CLANG_WARN_UNGUARDED_AVAILABILITY = YES_AGGRESSIVE;
				CLANG_WARN_UNREACHABLE_CODE = YES;
				CLANG_WARN__DUPLICATE_METHOD_MATCH = YES;
				COPY_PHASE_STRIP = NO;
				DEBUG_INFORMATION_FORMAT = dwarf;
				ENABLE_STRICT_OBJC_MSGSEND = YES;
				ENABLE_TESTABILITY = YES;
				GCC_C_LANGUAGE_STANDARD = gnu11;
				GCC_DYNAMIC_NO_PIC = NO;
				GCC_NO_COMMON_BLOCKS = YES;
				GCC_OPTIMIZATION_LEVEL = 0;
				GCC_PREPROCESSOR_DEFINITIONS = (
					"DEBUG=1",
					"$(inherited)",
				);
				GCC_WARN_64_TO_32_BIT_CONVERSION = YES;
				GCC_WARN_ABOUT_RETURN_TYPE = YES_ERROR;
				GCC_WARN_UNDECLARED_SELECTOR = YES;
				GCC_WARN_UNINITIALIZED_AUTOS = YES_AGGRESSIVE;
				GCC_WARN_UNUSED_FUNCTION = YES;
				GCC_WARN_UNUSED_VARIABLE = YES;
				IPHONEOS_DEPLOYMENT_TARGET = 16.0;
				MTL_ENABLE_DEBUG_INFO = INCLUDE_SOURCE;
				MTL_FAST_MATH = YES;
				ONLY_ACTIVE_ARCH = YES;
				SDKROOT = iphoneos;
				SWIFT_ACTIVE_COMPILATION_CONDITIONS = DEBUG;
				SWIFT_OPTIMIZATION_LEVEL = "-Onone";
			};
			name = Debug;
		};
		95CBB08228F2CAF400E58B34 /* Release */ = {
			isa = XCBuildConfiguration;
			buildSettings = {
				ALWAYS_SEARCH_USER_PATHS = NO;
				CLANG_ANALYZER_NONNULL = YES;
				CLANG_ANALYZER_NUMBER_OBJECT_CONVERSION = YES_AGGRESSIVE;
				CLANG_CXX_LANGUAGE_STANDARD = "gnu++20";
				CLANG_ENABLE_MODULES = YES;
				CLANG_ENABLE_OBJC_ARC = YES;
				CLANG_ENABLE_OBJC_WEAK = YES;
				CLANG_WARN_BLOCK_CAPTURE_AUTORELEASING = YES;
				CLANG_WARN_BOOL_CONVERSION = YES;
				CLANG_WARN_COMMA = YES;
				CLANG_WARN_CONSTANT_CONVERSION = YES;
				CLANG_WARN_DEPRECATED_OBJC_IMPLEMENTATIONS = YES;
				CLANG_WARN_DIRECT_OBJC_ISA_USAGE = YES_ERROR;
				CLANG_WARN_DOCUMENTATION_COMMENTS = YES;
				CLANG_WARN_EMPTY_BODY = YES;
				CLANG_WARN_ENUM_CONVERSION = YES;
				CLANG_WARN_INFINITE_RECURSION = YES;
				CLANG_WARN_INT_CONVERSION = YES;
				CLANG_WARN_NON_LITERAL_NULL_CONVERSION = YES;
				CLANG_WARN_OBJC_IMPLICIT_RETAIN_SELF = YES;
				CLANG_WARN_OBJC_LITERAL_CONVERSION = YES;
				CLANG_WARN_OBJC_ROOT_CLASS = YES_ERROR;
				CLANG_WARN_QUOTED_INCLUDE_IN_FRAMEWORK_HEADER = YES;
				CLANG_WARN_RANGE_LOOP_ANALYSIS = YES;
				CLANG_WARN_STRICT_PROTOTYPES = YES;
				CLANG_WARN_SUSPICIOUS_MOVE = YES;
				CLANG_WARN_UNGUARDED_AVAILABILITY = YES_AGGRESSIVE;
				CLANG_WARN_UNREACHABLE_CODE = YES;
				CLANG_WARN__DUPLICATE_METHOD_MATCH = YES;
				COPY_PHASE_STRIP = NO;
				DEBUG_INFORMATION_FORMAT = "dwarf-with-dsym";
				ENABLE_NS_ASSERTIONS = NO;
				ENABLE_STRICT_OBJC_MSGSEND = YES;
				GCC_C_LANGUAGE_STANDARD = gnu11;
				GCC_NO_COMMON_BLOCKS = YES;
				GCC_WARN_64_TO_32_BIT_CONVERSION = YES;
				GCC_WARN_ABOUT_RETURN_TYPE = YES_ERROR;
				GCC_WARN_UNDECLARED_SELECTOR = YES;
				GCC_WARN_UNINITIALIZED_AUTOS = YES_AGGRESSIVE;
				GCC_WARN_UNUSED_FUNCTION = YES;
				GCC_WARN_UNUSED_VARIABLE = YES;
				IPHONEOS_DEPLOYMENT_TARGET = 16.0;
				MTL_ENABLE_DEBUG_INFO = NO;
				MTL_FAST_MATH = YES;
				SDKROOT = iphoneos;
				SWIFT_COMPILATION_MODE = wholemodule;
				SWIFT_OPTIMIZATION_LEVEL = "-O";
				VALIDATE_PRODUCT = YES;
			};
			name = Release;
		};
		95CBB08428F2CAF400E58B34 /* Debug */ = {
			isa = XCBuildConfiguration;
			baseConfigurationReference = 4E600EE634FC7A21F3C0A16B /* Pods-Crypto.debug.xcconfig */;
			buildSettings = {
				ASSETCATALOG_COMPILER_APPICON_NAME = AppIcon;
				ASSETCATALOG_COMPILER_GLOBAL_ACCENT_COLOR_NAME = AccentColor;
				CODE_SIGN_STYLE = Automatic;
				CURRENT_PROJECT_VERSION = 1;
				DEVELOPMENT_TEAM = 3HQN9YN4MK;
				GENERATE_INFOPLIST_FILE = YES;
				INFOPLIST_FILE = Crypto/Info.plist;
				INFOPLIST_KEY_UIApplicationSupportsIndirectInputEvents = YES;
				INFOPLIST_KEY_UILaunchStoryboardName = LaunchScreen;
				INFOPLIST_KEY_UISupportedInterfaceOrientations_iPad = "UIInterfaceOrientationPortrait UIInterfaceOrientationPortraitUpsideDown UIInterfaceOrientationLandscapeLeft UIInterfaceOrientationLandscapeRight";
				INFOPLIST_KEY_UISupportedInterfaceOrientations_iPhone = "UIInterfaceOrientationPortrait UIInterfaceOrientationLandscapeLeft UIInterfaceOrientationLandscapeRight";
				LD_RUNPATH_SEARCH_PATHS = (
					"$(inherited)",
					"@executable_path/Frameworks",
				);
				MARKETING_VERSION = 1.0;
				PRODUCT_BUNDLE_IDENTIFIER = "------.Crypto";
				PRODUCT_NAME = "$(TARGET_NAME)";
				SWIFT_EMIT_LOC_STRINGS = YES;
				SWIFT_VERSION = 5.0;
				TARGETED_DEVICE_FAMILY = "1,2";
			};
			name = Debug;
		};
		95CBB08528F2CAF400E58B34 /* Release */ = {
			isa = XCBuildConfiguration;
			baseConfigurationReference = B883E80D55FA03EE1A33FD48 /* Pods-Crypto.release.xcconfig */;
			buildSettings = {
				ASSETCATALOG_COMPILER_APPICON_NAME = AppIcon;
				ASSETCATALOG_COMPILER_GLOBAL_ACCENT_COLOR_NAME = AccentColor;
				CODE_SIGN_STYLE = Automatic;
				CURRENT_PROJECT_VERSION = 1;
				DEVELOPMENT_TEAM = 3HQN9YN4MK;
				GENERATE_INFOPLIST_FILE = YES;
				INFOPLIST_FILE = Crypto/Info.plist;
				INFOPLIST_KEY_UIApplicationSupportsIndirectInputEvents = YES;
				INFOPLIST_KEY_UILaunchStoryboardName = LaunchScreen;
				INFOPLIST_KEY_UISupportedInterfaceOrientations_iPad = "UIInterfaceOrientationPortrait UIInterfaceOrientationPortraitUpsideDown UIInterfaceOrientationLandscapeLeft UIInterfaceOrientationLandscapeRight";
				INFOPLIST_KEY_UISupportedInterfaceOrientations_iPhone = "UIInterfaceOrientationPortrait UIInterfaceOrientationLandscapeLeft UIInterfaceOrientationLandscapeRight";
				LD_RUNPATH_SEARCH_PATHS = (
					"$(inherited)",
					"@executable_path/Frameworks",
				);
				MARKETING_VERSION = 1.0;
				PRODUCT_BUNDLE_IDENTIFIER = "------.Crypto";
				PRODUCT_NAME = "$(TARGET_NAME)";
				SWIFT_EMIT_LOC_STRINGS = YES;
				SWIFT_VERSION = 5.0;
				TARGETED_DEVICE_FAMILY = "1,2";
			};
			name = Release;
		};
/* End XCBuildConfiguration section */

/* Begin XCConfigurationList section */
		95CBB06A28F2CAF200E58B34 /* Build configuration list for PBXProject "Crypto" */ = {
			isa = XCConfigurationList;
			buildConfigurations = (
				95CBB08128F2CAF400E58B34 /* Debug */,
				95CBB08228F2CAF400E58B34 /* Release */,
			);
			defaultConfigurationIsVisible = 0;
			defaultConfigurationName = Release;
		};
		95CBB08328F2CAF400E58B34 /* Build configuration list for PBXNativeTarget "Crypto" */ = {
			isa = XCConfigurationList;
			buildConfigurations = (
				95CBB08428F2CAF400E58B34 /* Debug */,
				95CBB08528F2CAF400E58B34 /* Release */,
			);
			defaultConfigurationIsVisible = 0;
			defaultConfigurationName = Release;
		};
/* End XCConfigurationList section */
	};
	rootObject = 95CBB06728F2CAF200E58B34 /* Project object */;
}
